
Microsoft Visual Studio Solution File, Format Version 12.00
# Visual Studio 15
VisualStudioVersion = 15.0.28307.421
MinimumVisualStudioVersion = 10.0.40219.1
Project("{FAE04EC0-301F-11D3-BF4B-00C04F79EFBC}") = "XiaLM.Lottery.App", "XiaLM.Lottery.App\XiaLM.Lottery.App.csproj", "{3696B89B-72F7-4D56-ACFE-18D68C56D0FB}"
EndProject
Project("{FAE04EC0-301F-11D3-BF4B-00C04F79EFBC}") = "XiaLM.Lottery.Server", "XiaLM.Lottery.Server\XiaLM.Lottery.Server.csproj", "{99D236DC-44FC-4AEF-A4C0-275EED2FEE76}"
EndProject
Project("{FAE04EC0-301F-11D3-BF4B-00C04F79EFBC}") = "XiaLM.Util", "XiaLM.Util\XiaLM.Util.csproj", "{0D96C20F-891C-4A3C-98ED-A7D6D5889837}"
EndProject
Global
	GlobalSection(SolutionConfigurationPlatforms) = preSolution
		Debug|Any CPU = Debug|Any CPU
		Release|Any CPU = Release|Any CPU
	EndGlobalSection
	GlobalSection(ProjectConfigurationPlatforms) = postSolution
		{3696B89B-72F7-4D56-ACFE-18D68C56D0FB}.Debug|Any CPU.ActiveCfg = Debug|Any CPU
		{3696B89B-72F7-4D56-ACFE-18D68C56D0FB}.Debug|Any CPU.Build.0 = Debug|Any CPU
		{3696B89B-72F7-4D56-ACFE-18D68C56D0FB}.Release|Any CPU.ActiveCfg = Release|Any CPU
		{3696B89B-72F7-4D56-ACFE-18D68C56D0FB}.Release|Any CPU.Build.0 = Release|Any CPU
		{99D236DC-44FC-4AEF-A4C0-275EED2FEE76}.Debug|Any CPU.ActiveCfg = Debug|Any CPU
		{99D236DC-44FC-4AEF-A4C0-275EED2FEE76}.Debug|Any CPU.Build.0 = Debug|Any CPU
		{99D236DC-44FC-4AEF-A4C0-275EED2FEE76}.Release|Any CPU.ActiveCfg = Release|Any CPU
		{99D236DC-44FC-4AEF-A4C0-275EED2FEE76}.Release|Any CPU.Build.0 = Release|Any CPU
		{0D96C20F-891C-4A3C-98ED-A7D6D5889837}.Debug|Any CPU.ActiveCfg = Debug|Any CPU
		{0D96C20F-891C-4A3C-98ED-A7D6D5889837}.Debug|Any CPU.Build.0 = Debug|Any CPU
		{0D96C20F-891C-4A3C-98ED-A7D6D5889837}.Release|Any CPU.ActiveCfg = Release|Any CPU
		{0D96C20F-891C-4A3C-98ED-A7D6D5889837}.Release|Any CPU.Build.0 = Release|Any CPU
	EndGlobalSection
	GlobalSection(SolutionProperties) = preSolution
		HideSolutionNode = FALSE
	EndGlobalSection
	GlobalSection(ExtensibilityGlobals) = postSolution
		SolutionGuid = {8866154D-3037-4B34-85D4-DB8BCE69593E}
	EndGlobalSection
EndGlobal
