
Microsoft Visual Studio Solution File, Format Version 12.00
# Visual Studio 15
VisualStudioVersion = 15.0.28307.168
MinimumVisualStudioVersion = 10.0.40219.1
Project("{FAE04EC0-301F-11D3-BF4B-00C04F79EFBC}") = "XiaLM.WPF.T01.App", "XiaLM.WPF.T01.App\XiaLM.WPF.T01.App.csproj", "{9DCD87EB-9ADA-40CC-9ACB-24C287BACD60}"
EndProject
Project("{FAE04EC0-301F-11D3-BF4B-00C04F79EFBC}") = "XiaLM.WPF.T01.Db", "XiaLM.WPF.T01.Db\XiaLM.WPF.T01.Db.csproj", "{C8F17DE6-D2F3-42FE-99FA-5D9E36064468}"
EndProject
Project("{FAE04EC0-301F-11D3-BF4B-00C04F79EFBC}") = "XiaLM.WPF.T01.Utility", "XiaLM.WPF.T01.Utility\XiaLM.WPF.T01.Utility.csproj", "{DBBD6280-D2DF-4328-9102-8A5BDB21033C}"
EndProject
Project("{FAE04EC0-301F-11D3-BF4B-00C04F79EFBC}") = "XiaLM.WPF.T01.Service", "XiaLM.WPF.T01.Service\XiaLM.WPF.T01.Service.csproj", "{2C1CD9F4-8FF4-4A9D-AC56-2BA55849CCD2}"
EndProject
Project("{FAE04EC0-301F-11D3-BF4B-00C04F79EFBC}") = "XiaLM.WPF.T01.Net", "XiaLM.WPF.T01.Net\XiaLM.WPF.T01.Net.csproj", "{D38E16ED-4130-4E65-BFBC-B72861D02E32}"
EndProject
Project("{2150E333-8FDC-42A3-9474-1A3956D46DE8}") = "Common", "Common", "{32717CBB-1CB6-4098-BA31-4B79124BA077}"
EndProject
Project("{FAE04EC0-301F-11D3-BF4B-00C04F79EFBC}") = "XiaLM.P101.Web", "XiaLM.P101.Web\XiaLM.P101.Web.csproj", "{4D5A687A-4EBC-44DB-8D24-8EBAAA238AEF}"
EndProject
Project("{FAE04EC0-301F-11D3-BF4B-00C04F79EFBC}") = "XiaLM.P101.Api", "XiaLM.P101.Api\XiaLM.P101.Api.csproj", "{924D699C-F465-4D1F-B187-4296D7F8D68A}"
EndProject
Project("{FAE04EC0-301F-11D3-BF4B-00C04F79EFBC}") = "XiaLM.Log", "XiaLM.Log\XiaLM.Log.csproj", "{D80BC582-6AF3-42AC-B6F9-EE563E72A2C5}"
EndProject
Project("{FAE04EC0-301F-11D3-BF4B-00C04F79EFBC}") = "XiaLM.Owin", "XiaLM.Owin\XiaLM.Owin.csproj", "{8C6B231E-9485-44BD-81FE-7AF983BE091A}"
EndProject
Project("{FAE04EC0-301F-11D3-BF4B-00C04F79EFBC}") = "XiaLM.Utility", "XiaLM.Utility\XiaLM.Utility.csproj", "{57DB69A1-9298-4014-8F74-7192474CA8A1}"
EndProject
Project("{2150E333-8FDC-42A3-9474-1A3956D46DE8}") = "NetCore", "NetCore", "{904B3E66-1A47-44DA-8568-402956A9E844}"
EndProject
Project("{2150E333-8FDC-42A3-9474-1A3956D46DE8}") = "Owin", "Owin", "{461DCB24-FCB4-47F1-9121-A65EE8602188}"
EndProject
Project("{2150E333-8FDC-42A3-9474-1A3956D46DE8}") = "Wpf", "Wpf", "{20AD5647-515D-4A8E-9389-EA882699D31E}"
EndProject
Project("{2150E333-8FDC-42A3-9474-1A3956D46DE8}") = "WinForm", "WinForm", "{C729A08D-75F5-45FF-A5F2-ED0125FB4C5C}"
EndProject
Project("{9A19103F-16F7-4668-BE54-9A1E7A4F7556}") = "XiaLM.P101.NetCoreApp", "XiaLM.P101.NetCoreApp\XiaLM.P101.NetCoreApp.csproj", "{AEDED366-1AF8-49FC-BBEA-17971A4A244B}"
EndProject
Project("{9A19103F-16F7-4668-BE54-9A1E7A4F7556}") = "XiaLM.P101.NetCoreDb", "XiaLM.P101.NetCoreDb\XiaLM.P101.NetCoreDb.csproj", "{61446AC7-6521-4F74-9E30-766801451E21}"
EndProject
Project("{9A19103F-16F7-4668-BE54-9A1E7A4F7556}") = "XiaLM.P101.NetCoreService", "XiaLM.P101.NetCoreService\XiaLM.P101.NetCoreService.csproj", "{25919618-0EA9-4A43-9E00-6438EFC3DB5B}"
EndProject
Project("{9A19103F-16F7-4668-BE54-9A1E7A4F7556}") = "XiaLM.NetCoreUtility", "XiaLM.NetCoreUtility\XiaLM.NetCoreUtility.csproj", "{9B5D8F69-AC44-4B37-8F2F-DA67095D5E4E}"
EndProject
Project("{FAE04EC0-301F-11D3-BF4B-00C04F79EFBC}") = "XiaLM.P101.Installer", "XiaLM.P101.Installer\XiaLM.P101.Installer.csproj", "{439DC8BC-B081-4290-802F-0AA969E4723E}"
EndProject
Global
	GlobalSection(SolutionConfigurationPlatforms) = preSolution
		Debug|Any CPU = Debug|Any CPU
		Release|Any CPU = Release|Any CPU
	EndGlobalSection
	GlobalSection(ProjectConfigurationPlatforms) = postSolution
		{9DCD87EB-9ADA-40CC-9ACB-24C287BACD60}.Debug|Any CPU.ActiveCfg = Debug|Any CPU
		{9DCD87EB-9ADA-40CC-9ACB-24C287BACD60}.Debug|Any CPU.Build.0 = Debug|Any CPU
		{9DCD87EB-9ADA-40CC-9ACB-24C287BACD60}.Release|Any CPU.ActiveCfg = Release|Any CPU
		{9DCD87EB-9ADA-40CC-9ACB-24C287BACD60}.Release|Any CPU.Build.0 = Release|Any CPU
		{C8F17DE6-D2F3-42FE-99FA-5D9E36064468}.Debug|Any CPU.ActiveCfg = Debug|Any CPU
		{C8F17DE6-D2F3-42FE-99FA-5D9E36064468}.Debug|Any CPU.Build.0 = Debug|Any CPU
		{C8F17DE6-D2F3-42FE-99FA-5D9E36064468}.Release|Any CPU.ActiveCfg = Release|Any CPU
		{C8F17DE6-D2F3-42FE-99FA-5D9E36064468}.Release|Any CPU.Build.0 = Release|Any CPU
		{DBBD6280-D2DF-4328-9102-8A5BDB21033C}.Debug|Any CPU.ActiveCfg = Debug|Any CPU
		{DBBD6280-D2DF-4328-9102-8A5BDB21033C}.Debug|Any CPU.Build.0 = Debug|Any CPU
		{DBBD6280-D2DF-4328-9102-8A5BDB21033C}.Release|Any CPU.ActiveCfg = Release|Any CPU
		{DBBD6280-D2DF-4328-9102-8A5BDB21033C}.Release|Any CPU.Build.0 = Release|Any CPU
		{2C1CD9F4-8FF4-4A9D-AC56-2BA55849CCD2}.Debug|Any CPU.ActiveCfg = Debug|Any CPU
		{2C1CD9F4-8FF4-4A9D-AC56-2BA55849CCD2}.Debug|Any CPU.Build.0 = Debug|Any CPU
		{2C1CD9F4-8FF4-4A9D-AC56-2BA55849CCD2}.Release|Any CPU.ActiveCfg = Release|Any CPU
		{2C1CD9F4-8FF4-4A9D-AC56-2BA55849CCD2}.Release|Any CPU.Build.0 = Release|Any CPU
		{D38E16ED-4130-4E65-BFBC-B72861D02E32}.Debug|Any CPU.ActiveCfg = Debug|Any CPU
		{D38E16ED-4130-4E65-BFBC-B72861D02E32}.Debug|Any CPU.Build.0 = Debug|Any CPU
		{D38E16ED-4130-4E65-BFBC-B72861D02E32}.Release|Any CPU.ActiveCfg = Release|Any CPU
		{D38E16ED-4130-4E65-BFBC-B72861D02E32}.Release|Any CPU.Build.0 = Release|Any CPU
		{4D5A687A-4EBC-44DB-8D24-8EBAAA238AEF}.Debug|Any CPU.ActiveCfg = Debug|Any CPU
		{4D5A687A-4EBC-44DB-8D24-8EBAAA238AEF}.Debug|Any CPU.Build.0 = Debug|Any CPU
		{4D5A687A-4EBC-44DB-8D24-8EBAAA238AEF}.Release|Any CPU.ActiveCfg = Release|Any CPU
		{4D5A687A-4EBC-44DB-8D24-8EBAAA238AEF}.Release|Any CPU.Build.0 = Release|Any CPU
		{924D699C-F465-4D1F-B187-4296D7F8D68A}.Debug|Any CPU.ActiveCfg = Debug|Any CPU
		{924D699C-F465-4D1F-B187-4296D7F8D68A}.Debug|Any CPU.Build.0 = Debug|Any CPU
		{924D699C-F465-4D1F-B187-4296D7F8D68A}.Release|Any CPU.ActiveCfg = Release|Any CPU
		{924D699C-F465-4D1F-B187-4296D7F8D68A}.Release|Any CPU.Build.0 = Release|Any CPU
		{D80BC582-6AF3-42AC-B6F9-EE563E72A2C5}.Debug|Any CPU.ActiveCfg = Debug|Any CPU
		{D80BC582-6AF3-42AC-B6F9-EE563E72A2C5}.Debug|Any CPU.Build.0 = Debug|Any CPU
		{D80BC582-6AF3-42AC-B6F9-EE563E72A2C5}.Release|Any CPU.ActiveCfg = Release|Any CPU
		{D80BC582-6AF3-42AC-B6F9-EE563E72A2C5}.Release|Any CPU.Build.0 = Release|Any CPU
		{8C6B231E-9485-44BD-81FE-7AF983BE091A}.Debug|Any CPU.ActiveCfg = Debug|Any CPU
		{8C6B231E-9485-44BD-81FE-7AF983BE091A}.Debug|Any CPU.Build.0 = Debug|Any CPU
		{8C6B231E-9485-44BD-81FE-7AF983BE091A}.Release|Any CPU.ActiveCfg = Release|Any CPU
		{8C6B231E-9485-44BD-81FE-7AF983BE091A}.Release|Any CPU.Build.0 = Release|Any CPU
		{57DB69A1-9298-4014-8F74-7192474CA8A1}.Debug|Any CPU.ActiveCfg = Debug|Any CPU
		{57DB69A1-9298-4014-8F74-7192474CA8A1}.Debug|Any CPU.Build.0 = Debug|Any CPU
		{57DB69A1-9298-4014-8F74-7192474CA8A1}.Release|Any CPU.ActiveCfg = Release|Any CPU
		{57DB69A1-9298-4014-8F74-7192474CA8A1}.Release|Any CPU.Build.0 = Release|Any CPU
		{AEDED366-1AF8-49FC-BBEA-17971A4A244B}.Debug|Any CPU.ActiveCfg = Debug|Any CPU
		{AEDED366-1AF8-49FC-BBEA-17971A4A244B}.Debug|Any CPU.Build.0 = Debug|Any CPU
		{AEDED366-1AF8-49FC-BBEA-17971A4A244B}.Release|Any CPU.ActiveCfg = Release|Any CPU
		{AEDED366-1AF8-49FC-BBEA-17971A4A244B}.Release|Any CPU.Build.0 = Release|Any CPU
		{61446AC7-6521-4F74-9E30-766801451E21}.Debug|Any CPU.ActiveCfg = Debug|Any CPU
		{61446AC7-6521-4F74-9E30-766801451E21}.Debug|Any CPU.Build.0 = Debug|Any CPU
		{61446AC7-6521-4F74-9E30-766801451E21}.Release|Any CPU.ActiveCfg = Release|Any CPU
		{61446AC7-6521-4F74-9E30-766801451E21}.Release|Any CPU.Build.0 = Release|Any CPU
		{25919618-0EA9-4A43-9E00-6438EFC3DB5B}.Debug|Any CPU.ActiveCfg = Debug|Any CPU
		{25919618-0EA9-4A43-9E00-6438EFC3DB5B}.Debug|Any CPU.Build.0 = Debug|Any CPU
		{25919618-0EA9-4A43-9E00-6438EFC3DB5B}.Release|Any CPU.ActiveCfg = Release|Any CPU
		{25919618-0EA9-4A43-9E00-6438EFC3DB5B}.Release|Any CPU.Build.0 = Release|Any CPU
		{9B5D8F69-AC44-4B37-8F2F-DA67095D5E4E}.Debug|Any CPU.ActiveCfg = Debug|Any CPU
		{9B5D8F69-AC44-4B37-8F2F-DA67095D5E4E}.Debug|Any CPU.Build.0 = Debug|Any CPU
		{9B5D8F69-AC44-4B37-8F2F-DA67095D5E4E}.Release|Any CPU.ActiveCfg = Release|Any CPU
		{9B5D8F69-AC44-4B37-8F2F-DA67095D5E4E}.Release|Any CPU.Build.0 = Release|Any CPU
		{439DC8BC-B081-4290-802F-0AA969E4723E}.Debug|Any CPU.ActiveCfg = Debug|Any CPU
		{439DC8BC-B081-4290-802F-0AA969E4723E}.Debug|Any CPU.Build.0 = Debug|Any CPU
		{439DC8BC-B081-4290-802F-0AA969E4723E}.Release|Any CPU.ActiveCfg = Release|Any CPU
		{439DC8BC-B081-4290-802F-0AA969E4723E}.Release|Any CPU.Build.0 = Release|Any CPU
	EndGlobalSection
	GlobalSection(SolutionProperties) = preSolution
		HideSolutionNode = FALSE
	EndGlobalSection
	GlobalSection(NestedProjects) = preSolution
		{9DCD87EB-9ADA-40CC-9ACB-24C287BACD60} = {20AD5647-515D-4A8E-9389-EA882699D31E}
		{C8F17DE6-D2F3-42FE-99FA-5D9E36064468} = {20AD5647-515D-4A8E-9389-EA882699D31E}
		{DBBD6280-D2DF-4328-9102-8A5BDB21033C} = {20AD5647-515D-4A8E-9389-EA882699D31E}
		{2C1CD9F4-8FF4-4A9D-AC56-2BA55849CCD2} = {20AD5647-515D-4A8E-9389-EA882699D31E}
		{D38E16ED-4130-4E65-BFBC-B72861D02E32} = {461DCB24-FCB4-47F1-9121-A65EE8602188}
		{4D5A687A-4EBC-44DB-8D24-8EBAAA238AEF} = {461DCB24-FCB4-47F1-9121-A65EE8602188}
		{924D699C-F465-4D1F-B187-4296D7F8D68A} = {461DCB24-FCB4-47F1-9121-A65EE8602188}
		{D80BC582-6AF3-42AC-B6F9-EE563E72A2C5} = {32717CBB-1CB6-4098-BA31-4B79124BA077}
		{8C6B231E-9485-44BD-81FE-7AF983BE091A} = {32717CBB-1CB6-4098-BA31-4B79124BA077}
		{57DB69A1-9298-4014-8F74-7192474CA8A1} = {32717CBB-1CB6-4098-BA31-4B79124BA077}
		{AEDED366-1AF8-49FC-BBEA-17971A4A244B} = {904B3E66-1A47-44DA-8568-402956A9E844}
		{61446AC7-6521-4F74-9E30-766801451E21} = {904B3E66-1A47-44DA-8568-402956A9E844}
		{25919618-0EA9-4A43-9E00-6438EFC3DB5B} = {904B3E66-1A47-44DA-8568-402956A9E844}
		{9B5D8F69-AC44-4B37-8F2F-DA67095D5E4E} = {32717CBB-1CB6-4098-BA31-4B79124BA077}
		{439DC8BC-B081-4290-802F-0AA969E4723E} = {C729A08D-75F5-45FF-A5F2-ED0125FB4C5C}
	EndGlobalSection
	GlobalSection(ExtensibilityGlobals) = postSolution
		SolutionGuid = {FAF34E85-1F63-45D2-8BE1-D5369475A37E}
	EndGlobalSection
EndGlobal
